// !$*UTF8*$!
{
	archiveVersion = 1;
	classes = {
	};
	objectVersion = 46;
	objects = {

/* Begin PBXBuildFile section */
		6BA8F5B01B7E4BB2001B0C8D /* AppDelegate.swift in Sources */ = {isa = PBXBuildFile; fileRef = 6BA8F5AF1B7E4BB2001B0C8D /* AppDelegate.swift */; };
		6BA8F5B51B7E4BB2001B0C8D /* Main.storyboard in Resources */ = {isa = PBXBuildFile; fileRef = 6BA8F5B31B7E4BB2001B0C8D /* Main.storyboard */; };
		6BA8F5B71B7E4BB2001B0C8D /* Images.xcassets in Resources */ = {isa = PBXBuildFile; fileRef = 6BA8F5B61B7E4BB2001B0C8D /* Images.xcassets */; };
		6BA8F5BA1B7E4BB2001B0C8D /* LaunchScreen.xib in Resources */ = {isa = PBXBuildFile; fileRef = 6BA8F5B81B7E4BB2001B0C8D /* LaunchScreen.xib */; };
		6BA8F5C61B7E4BB2001B0C8D /* GrouponAppTests.swift in Sources */ = {isa = PBXBuildFile; fileRef = 6BA8F5C51B7E4BB2001B0C8D /* GrouponAppTests.swift */; };
		6BA8F5D01B7E4C2D001B0C8D /* TableViewController.swift in Sources */ = {isa = PBXBuildFile; fileRef = 6BA8F5CF1B7E4C2D001B0C8D /* TableViewController.swift */; };
		6BA8F5D21B7E4CBD001B0C8D /* Deals.swift in Sources */ = {isa = PBXBuildFile; fileRef = 6BA8F5D11B7E4CBD001B0C8D /* Deals.swift */; };
/* End PBXBuildFile section */

/* Begin PBXContainerItemProxy section */
		6BA8F5C01B7E4BB2001B0C8D /* PBXContainerItemProxy */ = {
			isa = PBXContainerItemProxy;
			containerPortal = 6BA8F5A21B7E4BB2001B0C8D /* Project object */;
			proxyType = 1;
			remoteGlobalIDString = 6BA8F5A91B7E4BB2001B0C8D;
			remoteInfo = GrouponApp;
		};
/* End PBXContainerItemProxy section */

/* Begin PBXFileReference section */
		6BA8F5AA1B7E4BB2001B0C8D /* GrouponApp.app */ = {isa = PBXFileReference; explicitFileType = wrapper.application; includeInIndex = 0; path = GrouponApp.app; sourceTree = BUILT_PRODUCTS_DIR; };
		6BA8F5AE1B7E4BB2001B0C8D /* Info.plist */ = {isa = PBXFileReference; lastKnownFileType = text.plist.xml; path = Info.plist; sourceTree = "<group>"; };
		6BA8F5AF1B7E4BB2001B0C8D /* AppDelegate.swift */ = {isa = PBXFileReference; lastKnownFileType = sourcecode.swift; path = AppDelegate.swift; sourceTree = "<group>"; };
		6BA8F5B41B7E4BB2001B0C8D /* Base */ = {isa = PBXFileReference; lastKnownFileType = file.storyboard; name = Base; path = Base.lproj/Main.storyboard; sourceTree = "<group>"; };
		6BA8F5B61B7E4BB2001B0C8D /* Images.xcassets */ = {isa = PBXFileReference; lastKnownFileType = folder.assetcatalog; path = Images.xcassets; sourceTree = "<group>"; };
		6BA8F5B91B7E4BB2001B0C8D /* Base */ = {isa = PBXFileReference; lastKnownFileType = file.xib; name = Base; path = Base.lproj/LaunchScreen.xib; sourceTree = "<group>"; };
		6BA8F5BF1B7E4BB2001B0C8D /* GrouponAppTests.xctest */ = {isa = PBXFileReference; explicitFileType = wrapper.cfbundle; includeInIndex = 0; path = GrouponAppTests.xctest; sourceTree = BUILT_PRODUCTS_DIR; };
		6BA8F5C41B7E4BB2001B0C8D /* Info.plist */ = {isa = PBXFileReference; lastKnownFileType = text.plist.xml; path = Info.plist; sourceTree = "<group>"; };
		6BA8F5C51B7E4BB2001B0C8D /* GrouponAppTests.swift */ = {isa = PBXFileReference; lastKnownFileType = sourcecode.swift; path = GrouponAppTests.swift; sourceTree = "<group>"; };
		6BA8F5CF1B7E4C2D001B0C8D /* TableViewController.swift */ = {isa = PBXFileReference; fileEncoding = 4; lastKnownFileType = sourcecode.swift; path = TableViewController.swift; sourceTree = "<group>"; };
		6BA8F5D11B7E4CBD001B0C8D /* Deals.swift */ = {isa = PBXFileReference; fileEncoding = 4; lastKnownFileType = sourcecode.swift; path = Deals.swift; sourceTree = "<group>"; };
/* End PBXFileReference section */

/* Begin PBXFrameworksBuildPhase section */
		6BA8F5A71B7E4BB2001B0C8D /* Frameworks */ = {
			isa = PBXFrameworksBuildPhase;
			buildActionMask = 2147483647;
			files = (
			);
			runOnlyForDeploymentPostprocessing = 0;
		};
		6BA8F5BC1B7E4BB2001B0C8D /* Frameworks */ = {
			isa = PBXFrameworksBuildPhase;
			buildActionMask = 2147483647;
			files = (
			);
			runOnlyForDeploymentPostprocessing = 0;
		};
/* End PBXFrameworksBuildPhase section */

/* Begin PBXGroup section */
		6BA8F5A11B7E4BB2001B0C8D = {
			isa = PBXGroup;
			children = (
				6BA8F5AC1B7E4BB2001B0C8D /* GrouponApp */,
				6BA8F5C21B7E4BB2001B0C8D /* GrouponAppTests */,
				6BA8F5AB1B7E4BB2001B0C8D /* Products */,
			);
			sourceTree = "<group>";
		};
		6BA8F5AB1B7E4BB2001B0C8D /* Products */ = {
			isa = PBXGroup;
			children = (
				6BA8F5AA1B7E4BB2001B0C8D /* GrouponApp.app */,
				6BA8F5BF1B7E4BB2001B0C8D /* GrouponAppTests.xctest */,
			);
			name = Products;
			sourceTree = "<group>";
		};
		6BA8F5AC1B7E4BB2001B0C8D /* GrouponApp */ = {
			isa = PBXGroup;
			children = (
				6BA8F5AF1B7E4BB2001B0C8D /* AppDelegate.swift */,
				6BA8F5CF1B7E4C2D001B0C8D /* TableViewController.swift */,
				6BA8F5D11B7E4CBD001B0C8D /* Deals.swift */,
				6BA8F5B31B7E4BB2001B0C8D /* Main.storyboard */,
				6BA8F5B61B7E4BB2001B0C8D /* Images.xcassets */,
				6BA8F5B81B7E4BB2001B0C8D /* LaunchScreen.xib */,
				6BA8F5AD1B7E4BB2001B0C8D /* Supporting Files */,
			);
			path = GrouponApp;
			sourceTree = "<group>";
		};
		6BA8F5AD1B7E4BB2001B0C8D /* Supporting Files */ = {
			isa = PBXGroup;
			children = (
				6BA8F5AE1B7E4BB2001B0C8D /* Info.plist */,
			);
			name = "Supporting Files";
			sourceTree = "<group>";
		};
		6BA8F5C21B7E4BB2001B0C8D /* GrouponAppTests */ = {
			isa = PBXGroup;
			children = (
				6BA8F5C51B7E4BB2001B0C8D /* GrouponAppTests.swift */,
				6BA8F5C31B7E4BB2001B0C8D /* Supporting Files */,
			);
			path = GrouponAppTests;
			sourceTree = "<group>";
		};
		6BA8F5C31B7E4BB2001B0C8D /* Supporting Files */ = {
			isa = PBXGroup;
			children = (
				6BA8F5C41B7E4BB2001B0C8D /* Info.plist */,
			);
			name = "Supporting Files";
			sourceTree = "<group>";
		};
/* End PBXGroup section */

/* Begin PBXNativeTarget section */
		6BA8F5A91B7E4BB2001B0C8D /* GrouponApp */ = {
			isa = PBXNativeTarget;
			buildConfigurationList = 6BA8F5C91B7E4BB2001B0C8D /* Build configuration list for PBXNativeTarget "GrouponApp" */;
			buildPhases = (
				6BA8F5A61B7E4BB2001B0C8D /* Sources */,
				6BA8F5A71B7E4BB2001B0C8D /* Frameworks */,
				6BA8F5A81B7E4BB2001B0C8D /* Resources */,
			);
			buildRules = (
			);
			dependencies = (
			);
			name = GrouponApp;
			productName = GrouponApp;
			productReference = 6BA8F5AA1B7E4BB2001B0C8D /* GrouponApp.app */;
			productType = "com.apple.product-type.application";
		};
		6BA8F5BE1B7E4BB2001B0C8D /* GrouponAppTests */ = {
			isa = PBXNativeTarget;
			buildConfigurationList = 6BA8F5CC1B7E4BB2001B0C8D /* Build configuration list for PBXNativeTarget "GrouponAppTests" */;
			buildPhases = (
				6BA8F5BB1B7E4BB2001B0C8D /* Sources */,
				6BA8F5BC1B7E4BB2001B0C8D /* Frameworks */,
				6BA8F5BD1B7E4BB2001B0C8D /* Resources */,
			);
			buildRules = (
			);
			dependencies = (
				6BA8F5C11B7E4BB2001B0C8D /* PBXTargetDependency */,
			);
			name = GrouponAppTests;
			productName = GrouponAppTests;
			productReference = 6BA8F5BF1B7E4BB2001B0C8D /* GrouponAppTests.xctest */;
			productType = "com.apple.product-type.bundle.unit-test";
		};
/* End PBXNativeTarget section */

/* Begin PBXProject section */
		6BA8F5A21B7E4BB2001B0C8D /* Project object */ = {
			isa = PBXProject;
			attributes = {
				LastUpgradeCheck = 0640;
				ORGANIZATIONNAME = "Vivian Aranha";
				TargetAttributes = {
					6BA8F5A91B7E4BB2001B0C8D = {
						CreatedOnToolsVersion = 6.4;
					};
					6BA8F5BE1B7E4BB2001B0C8D = {
						CreatedOnToolsVersion = 6.4;
						TestTargetID = 6BA8F5A91B7E4BB2001B0C8D;
					};
				};
			};
			buildConfigurationList = 6BA8F5A51B7E4BB2001B0C8D /* Build configuration list for PBXProject "grouponapp" */;
			compatibilityVersion = "Xcode 3.2";
			developmentRegion = English;
			hasScannedForEncodings = 0;
			knownRegions = (
				en,
				Base,
			);
			mainGroup = 6BA8F5A11B7E4BB2001B0C8D;
			productRefGroup = 6BA8F5AB1B7E4BB2001B0C8D /* Products */;
			projectDirPath = "";
			projectRoot = "";
			targets = (
				6BA8F5A91B7E4BB2001B0C8D /* GrouponApp */,
				6BA8F5BE1B7E4BB2001B0C8D /* GrouponAppTests */,
			);
		};
/* End PBXProject section */

/* Begin PBXResourcesBuildPhase section */
		6BA8F5A81B7E4BB2001B0C8D /* Resources */ = {
			isa = PBXResourcesBuildPhase;
			buildActionMask = 2147483647;
			files = (
				6BA8F5B51B7E4BB2001B0C8D /* Main.storyboard in Resources */,
				6BA8F5BA1B7E4BB2001B0C8D /* LaunchScreen.xib in Resources */,
				6BA8F5B71B7E4BB2001B0C8D /* Images.xcassets in Resources */,
			);
			runOnlyForDeploymentPostprocessing = 0;
		};
		6BA8F5BD1B7E4BB2001B0C8D /* Resources */ = {
			isa = PBXResourcesBuildPhase;
			buildActionMask = 2147483647;
			files = (
			);
			runOnlyForDeploymentPostprocessing = 0;
		};
/* End PBXResourcesBuildPhase section */

/* Begin PBXSourcesBuildPhase section */
		6BA8F5A61B7E4BB2001B0C8D /* Sources */ = {
			isa = PBXSourcesBuildPhase;
			buildActionMask = 2147483647;
			files = (
				6BA8F5B01B7E4BB2001B0C8D /* AppDelegate.swift in Sources */,
				6BA8F5D21B7E4CBD001B0C8D /* Deals.swift in Sources */,
				6BA8F5D01B7E4C2D001B0C8D /* TableViewController.swift in Sources */,
			);
			runOnlyForDeploymentPostprocessing = 0;
		};
		6BA8F5BB1B7E4BB2001B0C8D /* Sources */ = {
			isa = PBXSourcesBuildPhase;
			buildActionMask = 2147483647;
			files = (
				6BA8F5C61B7E4BB2001B0C8D /* GrouponAppTests.swift in Sources */,
			);
			runOnlyForDeploymentPostprocessing = 0;
		};
/* End PBXSourcesBuildPhase section */

/* Begin PBXTargetDependency section */
		6BA8F5C11B7E4BB2001B0C8D /* PBXTargetDependency */ = {
			isa = PBXTargetDependency;
			target = 6BA8F5A91B7E4BB2001B0C8D /* GrouponApp */;
			targetProxy = 6BA8F5C01B7E4BB2001B0C8D /* PBXContainerItemProxy */;
		};
/* End PBXTargetDependency section */

/* Begin PBXVariantGroup section */
		6BA8F5B31B7E4BB2001B0C8D /* Main.storyboard */ = {
			isa = PBXVariantGroup;
			children = (
				6BA8F5B41B7E4BB2001B0C8D /* Base */,
			);
			name = Main.storyboard;
			sourceTree = "<group>";
		};
		6BA8F5B81B7E4BB2001B0C8D /* LaunchScreen.xib */ = {
			isa = PBXVariantGroup;
			children = (
				6BA8F5B91B7E4BB2001B0C8D /* Base */,
			);
			name = LaunchScreen.xib;
			sourceTree = "<group>";
		};
/* End PBXVariantGroup section */

/* Begin XCBuildConfiguration section */
		6BA8F5C71B7E4BB2001B0C8D /* Debug */ = {
			isa = XCBuildConfiguration;
			buildSettings = {
				ALWAYS_SEARCH_USER_PATHS = NO;
				CLANG_CXX_LANGUAGE_STANDARD = "gnu++0x";
				CLANG_CXX_LIBRARY = "libc++";
				CLANG_ENABLE_MODULES = YES;
				CLANG_ENABLE_OBJC_ARC = YES;
				CLANG_WARN_BOOL_CONVERSION = YES;
				CLANG_WARN_CONSTANT_CONVERSION = YES;
				CLANG_WARN_DIRECT_OBJC_ISA_USAGE = YES_ERROR;
				CLANG_WARN_EMPTY_BODY = YES;
				CLANG_WARN_ENUM_CONVERSION = YES;
				CLANG_WARN_INT_CONVERSION = YES;
				CLANG_WARN_OBJC_ROOT_CLASS = YES_ERROR;
				CLANG_WARN_UNREACHABLE_CODE = YES;
				CLANG_WARN__DUPLICATE_METHOD_MATCH = YES;
				"CODE_SIGN_IDENTITY[sdk=iphoneos*]" = "iPhone Developer";
				COPY_PHASE_STRIP = NO;
				DEBUG_INFORMATION_FORMAT = "dwarf-with-dsym";
				ENABLE_STRICT_OBJC_MSGSEND = YES;
				GCC_C_LANGUAGE_STANDARD = gnu99;
				GCC_DYNAMIC_NO_PIC = NO;
				GCC_NO_COMMON_BLOCKS = YES;
				GCC_OPTIMIZATION_LEVEL = 0;
				GCC_PREPROCESSOR_DEFINITIONS = (
					"DEBUG=1",
					"$(inherited)",
				);
				GCC_SYMBOLS_PRIVATE_EXTERN = NO;
				GCC_WARN_64_TO_32_BIT_CONVERSION = YES;
				GCC_WARN_ABOUT_RETURN_TYPE = YES_ERROR;
				GCC_WARN_UNDECLARED_SELECTOR = YES;
				GCC_WARN_UNINITIALIZED_AUTOS = YES_AGGRESSIVE;
				GCC_WARN_UNUSED_FUNCTION = YES;
				GCC_WARN_UNUSED_VARIABLE = YES;
				IPHONEOS_DEPLOYMENT_TARGET = 8.4;
				MTL_ENABLE_DEBUG_INFO = YES;
				ONLY_ACTIVE_ARCH = YES;
				SDKROOT = iphoneos;
				SWIFT_OPTIMIZATION_LEVEL = "-Onone";
			};
			name = Debug;
		};
		6BA8F5C81B7E4BB2001B0C8D /* Release */ = {
			isa = XCBuildConfiguration;
			buildSettings = {
				ALWAYS_SEARCH_USER_PATHS = NO;
				CLANG_CXX_LANGUAGE_STANDARD = "gnu++0x";
				CLANG_CXX_LIBRARY = "libc++";
				CLANG_ENABLE_MODULES = YES;
				CLANG_ENABLE_OBJC_ARC = YES;
				CLANG_WARN_BOOL_CONVERSION = YES;
				CLANG_WARN_CONSTANT_CONVERSION = YES;
				CLANG_WARN_DIRECT_OBJC_ISA_USAGE = YES_ERROR;
				CLANG_WARN_EMPTY_BODY = YES;
				CLANG_WARN_ENUM_CONVERSION = YES;
				CLANG_WARN_INT_CONVERSION = YES;
				CLANG_WARN_OBJC_ROOT_CLASS = YES_ERROR;
				CLANG_WARN_UNREACHABLE_CODE = YES;
				CLANG_WARN__DUPLICATE_METHOD_MATCH = YES;
				"CODE_SIGN_IDENTITY[sdk=iphoneos*]" = "iPhone Developer";
				COPY_PHASE_STRIP = NO;
				DEBUG_INFORMATION_FORMAT = "dwarf-with-dsym";
				ENABLE_NS_ASSERTIONS = NO;
				ENABLE_STRICT_OBJC_MSGSEND = YES;
				GCC_C_LANGUAGE_STANDARD = gnu99;
				GCC_NO_COMMON_BLOCKS = YES;
				GCC_WARN_64_TO_32_BIT_CONVERSION = YES;
				GCC_WARN_ABOUT_RETURN_TYPE = YES_ERROR;
				GCC_WARN_UNDECLARED_SELECTOR = YES;
				GCC_WARN_UNINITIALIZED_AUTOS = YES_AGGRESSIVE;
				GCC_WARN_UNUSED_FUNCTION = YES;
				GCC_WARN_UNUSED_VARIABLE = YES;
				IPHONEOS_DEPLOYMENT_TARGET = 8.4;
				MTL_ENABLE_DEBUG_INFO = NO;
				SDKROOT = iphoneos;
				VALIDATE_PRODUCT = YES;
			};
			name = Release;
		};
		6BA8F5CA1B7E4BB2001B0C8D /* Debug */ = {
			isa = XCBuildConfiguration;
			buildSettings = {
				ASSETCATALOG_COMPILER_APPICON_NAME = AppIcon;
				INFOPLIST_FILE = GrouponApp/Info.plist;
				LD_RUNPATH_SEARCH_PATHS = "$(inherited) @executable_path/Frameworks";
				PRODUCT_NAME = "$(TARGET_NAME)";
			};
			name = Debug;
		};
		6BA8F5CB1B7E4BB2001B0C8D /* Release */ = {
			isa = XCBuildConfiguration;
			buildSettings = {
				ASSETCATALOG_COMPILER_APPICON_NAME = AppIcon;
				INFOPLIST_FILE = GrouponApp/Info.plist;
				LD_RUNPATH_SEARCH_PATHS = "$(inherited) @executable_path/Frameworks";
				PRODUCT_NAME = "$(TARGET_NAME)";
			};
			name = Release;
		};
		6BA8F5CD1B7E4BB2001B0C8D /* Debug */ = {
			isa = XCBuildConfiguration;
			buildSettings = {
				BUNDLE_LOADER = "$(TEST_HOST)";
				FRAMEWORK_SEARCH_PATHS = (
					"$(SDKROOT)/Developer/Library/Frameworks",
					"$(inherited)",
				);
				GCC_PREPROCESSOR_DEFINITIONS = (
					"DEBUG=1",
					"$(inherited)",
				);
				INFOPLIST_FILE = GrouponAppTests/Info.plist;
				LD_RUNPATH_SEARCH_PATHS = "$(inherited) @executable_path/Frameworks @loader_path/Frameworks";
				PRODUCT_NAME = "$(TARGET_NAME)";
				TEST_HOST = "$(BUILT_PRODUCTS_DIR)/GrouponApp.app/GrouponApp";
			};
			name = Debug;
		};
		6BA8F5CE1B7E4BB2001B0C8D /* Release */ = {
			isa = XCBuildConfiguration;
			buildSettings = {
				BUNDLE_LOADER = "$(TEST_HOST)";
				FRAMEWORK_SEARCH_PATHS = (
					"$(SDKROOT)/Developer/Library/Frameworks",
					"$(inherited)",
				);
				INFOPLIST_FILE = GrouponAppTests/Info.plist;
				LD_RUNPATH_SEARCH_PATHS = "$(inherited) @executable_path/Frameworks @loader_path/Frameworks";
				PRODUCT_NAME = "$(TARGET_NAME)";
				TEST_HOST = "$(BUILT_PRODUCTS_DIR)/GrouponApp.app/GrouponApp";
			};
			name = Release;
		};
/* End XCBuildConfiguration section */

/* Begin XCConfigurationList section */
		6BA8F5A51B7E4BB2001B0C8D /* Build configuration list for PBXProject "grouponapp" */ = {
			isa = XCConfigurationList;
			buildConfigurations = (
				6BA8F5C71B7E4BB2001B0C8D /* Debug */,
				6BA8F5C81B7E4BB2001B0C8D /* Release */,
			);
			defaultConfigurationIsVisible = 0;
			defaultConfigurationName = Release;
		};
		6BA8F5C91B7E4BB2001B0C8D /* Build configuration list for PBXNativeTarget "GrouponApp" */ = {
			isa = XCConfigurationList;
			buildConfigurations = (
				6BA8F5CA1B7E4BB2001B0C8D /* Debug */,
				6BA8F5CB1B7E4BB2001B0C8D /* Release */,
			);
			defaultConfigurationIsVisible = 0;
			defaultConfigurationName = Release;
		};
		6BA8F5CC1B7E4BB2001B0C8D /* Build configuration list for PBXNativeTarget "GrouponAppTests" */ = {
			isa = XCConfigurationList;
			buildConfigurations = (
				6BA8F5CD1B7E4BB2001B0C8D /* Debug */,
				6BA8F5CE1B7E4BB2001B0C8D /* Release */,
			);
			defaultConfigurationIsVisible = 0;
			defaultConfigurationName = Release;
		};
/* End XCConfigurationList section */
	};
	rootObject = 6BA8F5A21B7E4BB2001B0C8D /* Project object */;
}
